
Microsoft Visual Studio Solution File, Format Version 12.00
# Visual Studio 15
VisualStudioVersion = 15.0.27703.2000
MinimumVisualStudioVersion = 10.0.40219.1
Project("{9A19103F-16F7-4668-BE54-9A1E7A4F7556}") = "Common.Extensions.Memory", "Common.Extensions.Memory\Common.Extensions.Memory.csproj", "{08330279-19E8-4309-9DDB-50135315A7AD}"
EndProject
Project("{9A19103F-16F7-4668-BE54-9A1E7A4F7556}") = "Jigs", "Jigs\Jigs.csproj", "{CA598BFA-C73A-4D43-A561-A355050740BD}"
EndProject
Project("{9A19103F-16F7-4668-BE54-9A1E7A4F7556}") = "Tests", "Tests\Tests.csproj", "{A38AC748-9E7A-4B87-A70C-092C9074C83E}"
EndProject
Project("{9A19103F-16F7-4668-BE54-9A1E7A4F7556}") = "Benchmarks", "Benchmarks\Benchmarks.csproj", "{5937D2F0-7F96-4576-ADBC-87B47C65B8A3}"
EndProject
Project("{2150E333-8FDC-42A3-9474-1A3956D46DE8}") = "Solution Items", "Solution Items", "{FD78CC2A-DBFD-40DD-A26A-A21FBFB7310B}"
	ProjectSection(SolutionItems) = preProject
		appveyor.yml = appveyor.yml
		global.json = global.json
		LICENSE = LICENSE
		nuget.config = nuget.config
	EndProjectSection
EndProject
Global
	GlobalSection(SolutionConfigurationPlatforms) = preSolution
		Debug|Any CPU = Debug|Any CPU
		Release|Any CPU = Release|Any CPU
	EndGlobalSection
	GlobalSection(ProjectConfigurationPlatforms) = postSolution
		{08330279-19E8-4309-9DDB-50135315A7AD}.Debug|Any CPU.ActiveCfg = Debug|Any CPU
		{08330279-19E8-4309-9DDB-50135315A7AD}.Debug|Any CPU.Build.0 = Debug|Any CPU
		{08330279-19E8-4309-9DDB-50135315A7AD}.Release|Any CPU.ActiveCfg = Release|Any CPU
		{08330279-19E8-4309-9DDB-50135315A7AD}.Release|Any CPU.Build.0 = Release|Any CPU
		{CA598BFA-C73A-4D43-A561-A355050740BD}.Debug|Any CPU.ActiveCfg = Debug|Any CPU
		{CA598BFA-C73A-4D43-A561-A355050740BD}.Debug|Any CPU.Build.0 = Debug|Any CPU
		{CA598BFA-C73A-4D43-A561-A355050740BD}.Release|Any CPU.ActiveCfg = Release|Any CPU
		{CA598BFA-C73A-4D43-A561-A355050740BD}.Release|Any CPU.Build.0 = Release|Any CPU
		{A38AC748-9E7A-4B87-A70C-092C9074C83E}.Debug|Any CPU.ActiveCfg = Debug|Any CPU
		{A38AC748-9E7A-4B87-A70C-092C9074C83E}.Debug|Any CPU.Build.0 = Debug|Any CPU
		{A38AC748-9E7A-4B87-A70C-092C9074C83E}.Release|Any CPU.ActiveCfg = Release|Any CPU
		{A38AC748-9E7A-4B87-A70C-092C9074C83E}.Release|Any CPU.Build.0 = Release|Any CPU
		{5937D2F0-7F96-4576-ADBC-87B47C65B8A3}.Debug|Any CPU.ActiveCfg = Debug|Any CPU
		{5937D2F0-7F96-4576-ADBC-87B47C65B8A3}.Debug|Any CPU.Build.0 = Debug|Any CPU
		{5937D2F0-7F96-4576-ADBC-87B47C65B8A3}.Release|Any CPU.ActiveCfg = Release|Any CPU
		{5937D2F0-7F96-4576-ADBC-87B47C65B8A3}.Release|Any CPU.Build.0 = Release|Any CPU
	EndGlobalSection
	GlobalSection(SolutionProperties) = preSolution
		HideSolutionNode = FALSE
	EndGlobalSection
	GlobalSection(ExtensibilityGlobals) = postSolution
		SolutionGuid = {BEFDC1E8-3436-4C19-9F9E-A44EE854A6DD}
	EndGlobalSection
EndGlobal
